
Microsoft Visual Studio Solution File, Format Version 12.00
# Visual Studio 14
VisualStudioVersion = 14.0.24720.0
MinimumVisualStudioVersion = 10.0.40219.1
Project("{2150E333-8FDC-42A3-9474-1A3956D46DE8}") = "Server", "Server", "{A2A74036-97F2-4928-AD37-397AAB5A038D}"
EndProject
Project("{2150E333-8FDC-42A3-9474-1A3956D46DE8}") = "Data", "Data", "{2A4F473A-DA1F-4857-A8E6-42254A918382}"
EndProject
Project("{2150E333-8FDC-42A3-9474-1A3956D46DE8}") = "Services", "Services", "{C6813CC7-57F3-4264-8FFF-6E3334C3D076}"
EndProject
Project("{2150E333-8FDC-42A3-9474-1A3956D46DE8}") = "BaseApi.Common", "BaseApi.Common", "{258556A0-F649-4A1A-AEF8-C81A43B15017}"
EndProject
Project("{FAE04EC0-301F-11D3-BF4B-00C04F79EFBC}") = "TRL.Contracts", "Data\TRL.Contracts\TRL.Contracts.csproj", "{1FAC15E1-9022-4EB5-AE96-22E43200833B}"
EndProject
Project("{FAE04EC0-301F-11D3-BF4B-00C04F79EFBC}") = "TRL.Data", "Data\TRL.Data\TRL.Data.csproj", "{ADE31E6D-AF36-4F3A-84DA-DA86BFE2EEF1}"
EndProject
Project("{FAE04EC0-301F-11D3-BF4B-00C04F79EFBC}") = "TRL.Models", "Data\TRL.Models\TRL.Models.csproj", "{4669FF3D-3AED-4FF0-B469-4ED3667F63DD}"
EndProject
Project("{FAE04EC0-301F-11D3-BF4B-00C04F79EFBC}") = "TRL.Api", "Server\TRL.Api\TRL.Api.csproj", "{093152B5-6EC8-4FDB-A579-439370ED7004}"
EndProject
Project("{FAE04EC0-301F-11D3-BF4B-00C04F79EFBC}") = "TRL.Infrastructure", "Server\TRL.Infrastructure\TRL.Infrastructure.csproj", "{AC2D1FD1-286A-4AE2-B5D2-148CC65A943B}"
EndProject
Project("{FAE04EC0-301F-11D3-BF4B-00C04F79EFBC}") = "TRL.Common", "Services\TRL.Common\Common\TRL.Common.csproj", "{1E739791-D19A-42B2-91ED-83E142DDBF79}"
EndProject
Global
	GlobalSection(SolutionConfigurationPlatforms) = preSolution
		Debug|Any CPU = Debug|Any CPU
		Release|Any CPU = Release|Any CPU
	EndGlobalSection
	GlobalSection(ProjectConfigurationPlatforms) = postSolution
		{1FAC15E1-9022-4EB5-AE96-22E43200833B}.Debug|Any CPU.ActiveCfg = Debug|Any CPU
		{1FAC15E1-9022-4EB5-AE96-22E43200833B}.Debug|Any CPU.Build.0 = Debug|Any CPU
		{1FAC15E1-9022-4EB5-AE96-22E43200833B}.Release|Any CPU.ActiveCfg = Release|Any CPU
		{1FAC15E1-9022-4EB5-AE96-22E43200833B}.Release|Any CPU.Build.0 = Release|Any CPU
		{ADE31E6D-AF36-4F3A-84DA-DA86BFE2EEF1}.Debug|Any CPU.ActiveCfg = Debug|Any CPU
		{ADE31E6D-AF36-4F3A-84DA-DA86BFE2EEF1}.Debug|Any CPU.Build.0 = Debug|Any CPU
		{ADE31E6D-AF36-4F3A-84DA-DA86BFE2EEF1}.Release|Any CPU.ActiveCfg = Release|Any CPU
		{ADE31E6D-AF36-4F3A-84DA-DA86BFE2EEF1}.Release|Any CPU.Build.0 = Release|Any CPU
		{4669FF3D-3AED-4FF0-B469-4ED3667F63DD}.Debug|Any CPU.ActiveCfg = Debug|Any CPU
		{4669FF3D-3AED-4FF0-B469-4ED3667F63DD}.Debug|Any CPU.Build.0 = Debug|Any CPU
		{4669FF3D-3AED-4FF0-B469-4ED3667F63DD}.Release|Any CPU.ActiveCfg = Release|Any CPU
		{4669FF3D-3AED-4FF0-B469-4ED3667F63DD}.Release|Any CPU.Build.0 = Release|Any CPU
		{093152B5-6EC8-4FDB-A579-439370ED7004}.Debug|Any CPU.ActiveCfg = Debug|Any CPU
		{093152B5-6EC8-4FDB-A579-439370ED7004}.Debug|Any CPU.Build.0 = Debug|Any CPU
		{093152B5-6EC8-4FDB-A579-439370ED7004}.Release|Any CPU.ActiveCfg = Release|Any CPU
		{093152B5-6EC8-4FDB-A579-439370ED7004}.Release|Any CPU.Build.0 = Release|Any CPU
		{AC2D1FD1-286A-4AE2-B5D2-148CC65A943B}.Debug|Any CPU.ActiveCfg = Debug|Any CPU
		{AC2D1FD1-286A-4AE2-B5D2-148CC65A943B}.Debug|Any CPU.Build.0 = Debug|Any CPU
		{AC2D1FD1-286A-4AE2-B5D2-148CC65A943B}.Release|Any CPU.ActiveCfg = Release|Any CPU
		{AC2D1FD1-286A-4AE2-B5D2-148CC65A943B}.Release|Any CPU.Build.0 = Release|Any CPU
		{1E739791-D19A-42B2-91ED-83E142DDBF79}.Debug|Any CPU.ActiveCfg = Debug|Any CPU
		{1E739791-D19A-42B2-91ED-83E142DDBF79}.Debug|Any CPU.Build.0 = Debug|Any CPU
		{1E739791-D19A-42B2-91ED-83E142DDBF79}.Release|Any CPU.ActiveCfg = Release|Any CPU
		{1E739791-D19A-42B2-91ED-83E142DDBF79}.Release|Any CPU.Build.0 = Release|Any CPU
	EndGlobalSection
	GlobalSection(SolutionProperties) = preSolution
		HideSolutionNode = FALSE
	EndGlobalSection
	GlobalSection(NestedProjects) = preSolution
		{258556A0-F649-4A1A-AEF8-C81A43B15017} = {C6813CC7-57F3-4264-8FFF-6E3334C3D076}
		{1FAC15E1-9022-4EB5-AE96-22E43200833B} = {2A4F473A-DA1F-4857-A8E6-42254A918382}
		{ADE31E6D-AF36-4F3A-84DA-DA86BFE2EEF1} = {2A4F473A-DA1F-4857-A8E6-42254A918382}
		{4669FF3D-3AED-4FF0-B469-4ED3667F63DD} = {2A4F473A-DA1F-4857-A8E6-42254A918382}
		{093152B5-6EC8-4FDB-A579-439370ED7004} = {A2A74036-97F2-4928-AD37-397AAB5A038D}
		{AC2D1FD1-286A-4AE2-B5D2-148CC65A943B} = {A2A74036-97F2-4928-AD37-397AAB5A038D}
		{1E739791-D19A-42B2-91ED-83E142DDBF79} = {258556A0-F649-4A1A-AEF8-C81A43B15017}
	EndGlobalSection
EndGlobal
